
Microsoft Visual Studio Solution File, Format Version 12.00
# Visual Studio Version 17
VisualStudioVersion = 17.8.34330.188
MinimumVisualStudioVersion = 10.0.40219.1
Project("{9A19103F-16F7-4668-BE54-9A1E7A4F7556}") = "GameStoreManagement.Server", "GameStoreManagement\Server\GameStoreManagement.Server.csproj", "{4D4DF2FC-B820-4321-8F0B-7CC1ED9719B5}"
EndProject
Project("{9A19103F-16F7-4668-BE54-9A1E7A4F7556}") = "GameStoreManagement.Client", "GameStoreManagement\Client\GameStoreManagement.Client.csproj", "{7CFA9441-3B0A-4AC6-8AF8-E5360BC58BBC}"
EndProject
Project("{9A19103F-16F7-4668-BE54-9A1E7A4F7556}") = "GameStoreManagement.Shared", "GameStoreManagement\Shared\GameStoreManagement.Shared.csproj", "{8F7A8D47-C911-447D-89D8-B992AF751DA7}"
EndProject
Global
	GlobalSection(SolutionConfigurationPlatforms) = preSolution
		Debug|Any CPU = Debug|Any CPU
		Release|Any CPU = Release|Any CPU
	EndGlobalSection
	GlobalSection(ProjectConfigurationPlatforms) = postSolution
		{4D4DF2FC-B820-4321-8F0B-7CC1ED9719B5}.Debug|Any CPU.ActiveCfg = Debug|Any CPU
		{4D4DF2FC-B820-4321-8F0B-7CC1ED9719B5}.Debug|Any CPU.Build.0 = Debug|Any CPU
		{4D4DF2FC-B820-4321-8F0B-7CC1ED9719B5}.Release|Any CPU.ActiveCfg = Release|Any CPU
		{4D4DF2FC-B820-4321-8F0B-7CC1ED9719B5}.Release|Any CPU.Build.0 = Release|Any CPU
		{7CFA9441-3B0A-4AC6-8AF8-E5360BC58BBC}.Debug|Any CPU.ActiveCfg = Debug|Any CPU
		{7CFA9441-3B0A-4AC6-8AF8-E5360BC58BBC}.Debug|Any CPU.Build.0 = Debug|Any CPU
		{7CFA9441-3B0A-4AC6-8AF8-E5360BC58BBC}.Release|Any CPU.ActiveCfg = Release|Any CPU
		{7CFA9441-3B0A-4AC6-8AF8-E5360BC58BBC}.Release|Any CPU.Build.0 = Release|Any CPU
		{8F7A8D47-C911-447D-89D8-B992AF751DA7}.Debug|Any CPU.ActiveCfg = Debug|Any CPU
		{8F7A8D47-C911-447D-89D8-B992AF751DA7}.Debug|Any CPU.Build.0 = Debug|Any CPU
		{8F7A8D47-C911-447D-89D8-B992AF751DA7}.Release|Any CPU.ActiveCfg = Release|Any CPU
		{8F7A8D47-C911-447D-89D8-B992AF751DA7}.Release|Any CPU.Build.0 = Release|Any CPU
	EndGlobalSection
	GlobalSection(SolutionProperties) = preSolution
		HideSolutionNode = FALSE
	EndGlobalSection
	GlobalSection(ExtensibilityGlobals) = postSolution
		SolutionGuid = {2DC59F00-CE42-491D-B7DD-AD7FD1C90CC1}
	EndGlobalSection
EndGlobal
